// !$*UTF8*$!
{
	archiveVersion = 1;
	classes = {
	};
	objectVersion = 54;
	objects = {

/* Begin PBXBuildFile section */
		8431F24A28DA64F000ED9B2D /* rc in Resources */ = {isa = PBXBuildFile; fileRef = 8431F24928DA64F000ED9B2D /* rc */; };
		8434AC1628D00DE200B69397 /* AppDelegate.m in Sources */ = {isa = PBXBuildFile; fileRef = 8434AC1528D00DE200B69397 /* AppDelegate.m */; };
		8434AC1828D00DE300B69397 /* Assets.xcassets in Resources */ = {isa = PBXBuildFile; fileRef = 8434AC1728D00DE300B69397 /* Assets.xcassets */; };
		8434AC1B28D00DE300B69397 /* MainMenu.xib in Resources */ = {isa = PBXBuildFile; fileRef = 8434AC1928D00DE300B69397 /* MainMenu.xib */; };
		8434AC1E28D00DE300B69397 /* main.m in Sources */ = {isa = PBXBuildFile; fileRef = 8434AC1D28D00DE300B69397 /* main.m */; };
		8463848C28F2519300D86DC5 /* nonnon_paint.html in Resources */ = {isa = PBXBuildFile; fileRef = 8463848B28F2519300D86DC5 /* nonnon_paint.html */; };
/* End PBXBuildFile section */

/* Begin PBXFileReference section */
		8431F24928DA64F000ED9B2D /* rc */ = {isa = PBXFileReference; lastKnownFileType = folder; path = rc; sourceTree = "<group>"; };
		8434AC1128D00DE200B69397 /* Nonnon Paint.app */ = {isa = PBXFileReference; explicitFileType = wrapper.application; includeInIndex = 0; path = "Nonnon Paint.app"; sourceTree = BUILT_PRODUCTS_DIR; };
		8434AC1428D00DE200B69397 /* AppDelegate.h */ = {isa = PBXFileReference; lastKnownFileType = sourcecode.c.h; path = AppDelegate.h; sourceTree = "<group>"; };
		8434AC1528D00DE200B69397 /* AppDelegate.m */ = {isa = PBXFileReference; lastKnownFileType = sourcecode.c.objc; path = AppDelegate.m; sourceTree = "<group>"; };
		8434AC1728D00DE300B69397 /* Assets.xcassets */ = {isa = PBXFileReference; lastKnownFileType = folder.assetcatalog; path = Assets.xcassets; sourceTree = "<group>"; };
		8434AC1A28D00DE300B69397 /* Base */ = {isa = PBXFileReference; lastKnownFileType = file.xib; name = Base; path = Base.lproj/MainMenu.xib; sourceTree = "<group>"; };
		8434AC1C28D00DE300B69397 /* Info.plist */ = {isa = PBXFileReference; lastKnownFileType = text.plist.xml; path = Info.plist; sourceTree = "<group>"; };
		8434AC1D28D00DE300B69397 /* main.m */ = {isa = PBXFileReference; lastKnownFileType = sourcecode.c.objc; path = main.m; sourceTree = "<group>"; };
		8434AC1F28D00DE300B69397 /* Nonnon_Paint.entitlements */ = {isa = PBXFileReference; lastKnownFileType = text.plist.entitlements; path = Nonnon_Paint.entitlements; sourceTree = "<group>"; };
		8463848B28F2519300D86DC5 /* nonnon_paint.html */ = {isa = PBXFileReference; fileEncoding = 4; lastKnownFileType = text.html; path = nonnon_paint.html; sourceTree = "<group>"; };
/* End PBXFileReference section */

/* Begin PBXFrameworksBuildPhase section */
		8434AC0E28D00DE200B69397 /* Frameworks */ = {
			isa = PBXFrameworksBuildPhase;
			buildActionMask = 2147483647;
			files = (
			);
			runOnlyForDeploymentPostprocessing = 0;
		};
/* End PBXFrameworksBuildPhase section */

/* Begin PBXGroup section */
		8434AC0828D00DE200B69397 = {
			isa = PBXGroup;
			children = (
				8434AC1328D00DE200B69397 /* Nonnon Paint */,
				8434AC1228D00DE200B69397 /* Products */,
			);
			sourceTree = "<group>";
		};
		8434AC1228D00DE200B69397 /* Products */ = {
			isa = PBXGroup;
			children = (
				8434AC1128D00DE200B69397 /* Nonnon Paint.app */,
			);
			name = Products;
			sourceTree = "<group>";
		};
		8434AC1328D00DE200B69397 /* Nonnon Paint */ = {
			isa = PBXGroup;
			children = (
				8434AC1428D00DE200B69397 /* AppDelegate.h */,
				8434AC1528D00DE200B69397 /* AppDelegate.m */,
				8434AC1728D00DE300B69397 /* Assets.xcassets */,
				8434AC1928D00DE300B69397 /* MainMenu.xib */,
				8434AC1C28D00DE300B69397 /* Info.plist */,
				8434AC1D28D00DE300B69397 /* main.m */,
				8434AC1F28D00DE300B69397 /* Nonnon_Paint.entitlements */,
				8463848B28F2519300D86DC5 /* nonnon_paint.html */,
				8431F24928DA64F000ED9B2D /* rc */,
			);
			path = "Nonnon Paint";
			sourceTree = "<group>";
		};
/* End PBXGroup section */

/* Begin PBXNativeTarget section */
		8434AC1028D00DE200B69397 /* Nonnon Paint */ = {
			isa = PBXNativeTarget;
			buildConfigurationList = 8434AC2228D00DE300B69397 /* Build configuration list for PBXNativeTarget "Nonnon Paint" */;
			buildPhases = (
				8434AC0D28D00DE200B69397 /* Sources */,
				8434AC0E28D00DE200B69397 /* Frameworks */,
				8434AC0F28D00DE200B69397 /* Resources */,
			);
			buildRules = (
			);
			dependencies = (
			);
			name = "Nonnon Paint";
			productName = "Nonnon Paint for Mac";
			productReference = 8434AC1128D00DE200B69397 /* Nonnon Paint.app */;
			productType = "com.apple.product-type.application";
		};
/* End PBXNativeTarget section */

/* Begin PBXProject section */
		8434AC0928D00DE200B69397 /* Project object */ = {
			isa = PBXProject;
			attributes = {
				BuildIndependentTargetsInParallel = YES;
				LastUpgradeCheck = 1640;
				TargetAttributes = {
					8434AC1028D00DE200B69397 = {
						CreatedOnToolsVersion = 12.4;
					};
				};
			};
			buildConfigurationList = 8434AC0C28D00DE200B69397 /* Build configuration list for PBXProject "Nonnon Paint" */;
			compatibilityVersion = "Xcode 9.3";
			developmentRegion = en;
			hasScannedForEncodings = 0;
			knownRegions = (
				en,
				Base,
			);
			mainGroup = 8434AC0828D00DE200B69397;
			productRefGroup = 8434AC1228D00DE200B69397 /* Products */;
			projectDirPath = "";
			projectRoot = "";
			targets = (
				8434AC1028D00DE200B69397 /* Nonnon Paint */,
			);
		};
/* End PBXProject section */

/* Begin PBXResourcesBuildPhase section */
		8434AC0F28D00DE200B69397 /* Resources */ = {
			isa = PBXResourcesBuildPhase;
			buildActionMask = 2147483647;
			files = (
				8434AC1828D00DE300B69397 /* Assets.xcassets in Resources */,
				8463848C28F2519300D86DC5 /* nonnon_paint.html in Resources */,
				8431F24A28DA64F000ED9B2D /* rc in Resources */,
				8434AC1B28D00DE300B69397 /* MainMenu.xib in Resources */,
			);
			runOnlyForDeploymentPostprocessing = 0;
		};
/* End PBXResourcesBuildPhase section */

/* Begin PBXSourcesBuildPhase section */
		8434AC0D28D00DE200B69397 /* Sources */ = {
			isa = PBXSourcesBuildPhase;
			buildActionMask = 2147483647;
			files = (
				8434AC1E28D00DE300B69397 /* main.m in Sources */,
				8434AC1628D00DE200B69397 /* AppDelegate.m in Sources */,
			);
			runOnlyForDeploymentPostprocessing = 0;
		};
/* End PBXSourcesBuildPhase section */

/* Begin PBXVariantGroup section */
		8434AC1928D00DE300B69397 /* MainMenu.xib */ = {
			isa = PBXVariantGroup;
			children = (
				8434AC1A28D00DE300B69397 /* Base */,
			);
			name = MainMenu.xib;
			sourceTree = "<group>";
		};
/* End PBXVariantGroup section */

/* Begin XCBuildConfiguration section */
		8434AC2028D00DE300B69397 /* Debug */ = {
			isa = XCBuildConfiguration;
			buildSettings = {
				ALWAYS_SEARCH_USER_PATHS = NO;
				ASSETCATALOG_COMPILER_GENERATE_SWIFT_ASSET_SYMBOL_EXTENSIONS = YES;
				CLANG_ANALYZER_NONNULL = YES;
				CLANG_ANALYZER_NUMBER_OBJECT_CONVERSION = YES_AGGRESSIVE;
				CLANG_CXX_LANGUAGE_STANDARD = "gnu++14";
				CLANG_CXX_LIBRARY = "libc++";
				CLANG_ENABLE_MODULES = YES;
				CLANG_ENABLE_OBJC_ARC = YES;
				CLANG_ENABLE_OBJC_WEAK = YES;
				CLANG_WARN_BLOCK_CAPTURE_AUTORELEASING = YES;
				CLANG_WARN_BOOL_CONVERSION = YES;
				CLANG_WARN_COMMA = YES;
				CLANG_WARN_CONSTANT_CONVERSION = YES;
				CLANG_WARN_DEPRECATED_OBJC_IMPLEMENTATIONS = YES;
				CLANG_WARN_DIRECT_OBJC_ISA_USAGE = YES_ERROR;
				CLANG_WARN_DOCUMENTATION_COMMENTS = YES;
				CLANG_WARN_EMPTY_BODY = YES;
				CLANG_WARN_ENUM_CONVERSION = YES;
				CLANG_WARN_INFINITE_RECURSION = YES;
				CLANG_WARN_INT_CONVERSION = YES;
				CLANG_WARN_NON_LITERAL_NULL_CONVERSION = YES;
				CLANG_WARN_OBJC_IMPLICIT_RETAIN_SELF = YES;
				CLANG_WARN_OBJC_LITERAL_CONVERSION = YES;
				CLANG_WARN_OBJC_ROOT_CLASS = YES_ERROR;
				CLANG_WARN_QUOTED_INCLUDE_IN_FRAMEWORK_HEADER = YES;
				CLANG_WARN_RANGE_LOOP_ANALYSIS = YES;
				CLANG_WARN_STRICT_PROTOTYPES = YES;
				CLANG_WARN_SUSPICIOUS_MOVE = YES;
				CLANG_WARN_UNGUARDED_AVAILABILITY = YES_AGGRESSIVE;
				CLANG_WARN_UNREACHABLE_CODE = YES;
				CLANG_WARN__DUPLICATE_METHOD_MATCH = YES;
				COPY_PHASE_STRIP = NO;
				DEAD_CODE_STRIPPING = YES;
				DEBUG_INFORMATION_FORMAT = dwarf;
				DEVELOPMENT_TEAM = 8L42NLVM37;
				ENABLE_STRICT_OBJC_MSGSEND = YES;
				ENABLE_TESTABILITY = YES;
				ENABLE_USER_SCRIPT_SANDBOXING = YES;
				GCC_C_LANGUAGE_STANDARD = gnu11;
				GCC_DYNAMIC_NO_PIC = NO;
				GCC_NO_COMMON_BLOCKS = YES;
				GCC_OPTIMIZATION_LEVEL = 0;
				GCC_PREPROCESSOR_DEFINITIONS = (
					"DEBUG=1",
					"$(inherited)",
				);
				GCC_WARN_64_TO_32_BIT_CONVERSION = YES;
				GCC_WARN_ABOUT_RETURN_TYPE = YES_ERROR;
				GCC_WARN_UNDECLARED_SELECTOR = YES;
				GCC_WARN_UNINITIALIZED_AUTOS = YES_AGGRESSIVE;
				GCC_WARN_UNUSED_FUNCTION = YES;
				GCC_WARN_UNUSED_VARIABLE = YES;
				MACOSX_DEPLOYMENT_TARGET = 10.15;
				MTL_ENABLE_DEBUG_INFO = INCLUDE_SOURCE;
				MTL_FAST_MATH = YES;
				ONLY_ACTIVE_ARCH = YES;
				SDKROOT = macosx;
			};
			name = Debug;
		};
		8434AC2128D00DE300B69397 /* Release */ = {
			isa = XCBuildConfiguration;
			buildSettings = {
				ALWAYS_SEARCH_USER_PATHS = NO;
				ASSETCATALOG_COMPILER_GENERATE_SWIFT_ASSET_SYMBOL_EXTENSIONS = YES;
				CLANG_ANALYZER_NONNULL = YES;
				CLANG_ANALYZER_NUMBER_OBJECT_CONVERSION = YES_AGGRESSIVE;
				CLANG_CXX_LANGUAGE_STANDARD = "gnu++14";
				CLANG_CXX_LIBRARY = "libc++";
				CLANG_ENABLE_MODULES = YES;
				CLANG_ENABLE_OBJC_ARC = YES;
				CLANG_ENABLE_OBJC_WEAK = YES;
				CLANG_WARN_BLOCK_CAPTURE_AUTORELEASING = YES;
				CLANG_WARN_BOOL_CONVERSION = YES;
				CLANG_WARN_COMMA = YES;
				CLANG_WARN_CONSTANT_CONVERSION = YES;
				CLANG_WARN_DEPRECATED_OBJC_IMPLEMENTATIONS = YES;
				CLANG_WARN_DIRECT_OBJC_ISA_USAGE = YES_ERROR;
				CLANG_WARN_DOCUMENTATION_COMMENTS = YES;
				CLANG_WARN_EMPTY_BODY = YES;
				CLANG_WARN_ENUM_CONVERSION = YES;
				CLANG_WARN_INFINITE_RECURSION = YES;
				CLANG_WARN_INT_CONVERSION = YES;
				CLANG_WARN_NON_LITERAL_NULL_CONVERSION = YES;
				CLANG_WARN_OBJC_IMPLICIT_RETAIN_SELF = YES;
				CLANG_WARN_OBJC_LITERAL_CONVERSION = YES;
				CLANG_WARN_OBJC_ROOT_CLASS = YES_ERROR;
				CLANG_WARN_QUOTED_INCLUDE_IN_FRAMEWORK_HEADER = YES;
				CLANG_WARN_RANGE_LOOP_ANALYSIS = YES;
				CLANG_WARN_STRICT_PROTOTYPES = YES;
				CLANG_WARN_SUSPICIOUS_MOVE = YES;
				CLANG_WARN_UNGUARDED_AVAILABILITY = YES_AGGRESSIVE;
				CLANG_WARN_UNREACHABLE_CODE = YES;
				CLANG_WARN__DUPLICATE_METHOD_MATCH = YES;
				COPY_PHASE_STRIP = NO;
				DEAD_CODE_STRIPPING = YES;
				DEBUG_INFORMATION_FORMAT = "dwarf-with-dsym";
				DEVELOPMENT_TEAM = 8L42NLVM37;
				ENABLE_NS_ASSERTIONS = NO;
				ENABLE_STRICT_OBJC_MSGSEND = YES;
				ENABLE_USER_SCRIPT_SANDBOXING = YES;
				GCC_C_LANGUAGE_STANDARD = gnu11;
				GCC_NO_COMMON_BLOCKS = YES;
				GCC_WARN_64_TO_32_BIT_CONVERSION = YES;
				GCC_WARN_ABOUT_RETURN_TYPE = YES_ERROR;
				GCC_WARN_UNDECLARED_SELECTOR = YES;
				GCC_WARN_UNINITIALIZED_AUTOS = YES_AGGRESSIVE;
				GCC_WARN_UNUSED_FUNCTION = YES;
				GCC_WARN_UNUSED_VARIABLE = YES;
				MACOSX_DEPLOYMENT_TARGET = 10.15;
				MTL_ENABLE_DEBUG_INFO = NO;
				MTL_FAST_MATH = YES;
				SDKROOT = macosx;
			};
			name = Release;
		};
		8434AC2328D00DE300B69397 /* Debug */ = {
			isa = XCBuildConfiguration;
			buildSettings = {
				ASSETCATALOG_COMPILER_APPICON_NAME = AppIcon;
				ASSETCATALOG_COMPILER_GLOBAL_ACCENT_COLOR_NAME = AccentColor;
				CODE_SIGN_ENTITLEMENTS = "Nonnon Paint/Nonnon_Paint.entitlements";
				CODE_SIGN_IDENTITY = "Apple Development";
				"CODE_SIGN_IDENTITY[sdk=macosx*]" = "-";
				CODE_SIGN_STYLE = Automatic;
				COMBINE_HIDPI_IMAGES = YES;
				CURRENT_PROJECT_VERSION = 37;
				DEAD_CODE_STRIPPING = YES;
				DEVELOPMENT_TEAM = "";
				ENABLE_HARDENED_RUNTIME = YES;
				INFOPLIST_FILE = "Nonnon Paint/Info.plist";
				INFOPLIST_KEY_LSApplicationCategoryType = "public.app-category.graphics-design";
				LD_RUNPATH_SEARCH_PATHS = (
					"$(inherited)",
					"@executable_path/../Frameworks",
				);
				MACOSX_DEPLOYMENT_TARGET = 12.4;
				MARKETING_VERSION = 2025.8;
				PRODUCT_BUNDLE_IDENTIFIER = "Nonnon.Nonnon-Paint";
				PRODUCT_NAME = "$(TARGET_NAME)";
				PROVISIONING_PROFILE_SPECIFIER = "";
			};
			name = Debug;
		};
		8434AC2428D00DE300B69397 /* Release */ = {
			isa = XCBuildConfiguration;
			buildSettings = {
				ASSETCATALOG_COMPILER_APPICON_NAME = AppIcon;
				ASSETCATALOG_COMPILER_GLOBAL_ACCENT_COLOR_NAME = AccentColor;
				CODE_SIGN_ENTITLEMENTS = "Nonnon Paint/Nonnon_Paint.entitlements";
				CODE_SIGN_IDENTITY = "Apple Development";
				"CODE_SIGN_IDENTITY[sdk=macosx*]" = "-";
				CODE_SIGN_STYLE = Automatic;
				COMBINE_HIDPI_IMAGES = YES;
				CURRENT_PROJECT_VERSION = 37;
				DEAD_CODE_STRIPPING = YES;
				DEVELOPMENT_TEAM = "";
				ENABLE_HARDENED_RUNTIME = YES;
				INFOPLIST_FILE = "Nonnon Paint/Info.plist";
				INFOPLIST_KEY_LSApplicationCategoryType = "public.app-category.graphics-design";
				LD_RUNPATH_SEARCH_PATHS = (
					"$(inherited)",
					"@executable_path/../Frameworks",
				);
				MACOSX_DEPLOYMENT_TARGET = 12.4;
				MARKETING_VERSION = 2025.8;
				PRODUCT_BUNDLE_IDENTIFIER = "Nonnon.Nonnon-Paint";
				PRODUCT_NAME = "$(TARGET_NAME)";
				PROVISIONING_PROFILE_SPECIFIER = "";
			};
			name = Release;
		};
/* End XCBuildConfiguration section */

/* Begin XCConfigurationList section */
		8434AC0C28D00DE200B69397 /* Build configuration list for PBXProject "Nonnon Paint" */ = {
			isa = XCConfigurationList;
			buildConfigurations = (
				8434AC2028D00DE300B69397 /* Debug */,
				8434AC2128D00DE300B69397 /* Release */,
			);
			defaultConfigurationIsVisible = 0;
			defaultConfigurationName = Release;
		};
		8434AC2228D00DE300B69397 /* Build configuration list for PBXNativeTarget "Nonnon Paint" */ = {
			isa = XCConfigurationList;
			buildConfigurations = (
				8434AC2328D00DE300B69397 /* Debug */,
				8434AC2428D00DE300B69397 /* Release */,
			);
			defaultConfigurationIsVisible = 0;
			defaultConfigurationName = Release;
		};
/* End XCConfigurationList section */
	};
	rootObject = 8434AC0928D00DE200B69397 /* Project object */;
}
